
Microsoft Visual Studio Solution File, Format Version 12.00
# Visual Studio Version 17
VisualStudioVersion = 17.5.33530.505
MinimumVisualStudioVersion = 10.0.40219.1
Project("{FAE04EC0-301F-11D3-BF4B-00C04F79EFBC}") = "API", "API\API.csproj", "{CCFD6426-73CE-44E5-B05D-457BB396F905}"
EndProject
Project("{FAE04EC0-301F-11D3-BF4B-00C04F79EFBC}") = "Calculator", "Calculator\Calculator.csproj", "{0ED31BAD-6F7B-4838-B37F-15D10242EE99}"
EndProject
Project("{FAE04EC0-301F-11D3-BF4B-00C04F79EFBC}") = "Tests", "Tests\Tests.csproj", "{DD89CC1D-8C34-4C88-A7D6-7242EADBDFE7}"
EndProject
Global
	GlobalSection(SolutionConfigurationPlatforms) = preSolution
		Debug|Any CPU = Debug|Any CPU
		Release|Any CPU = Release|Any CPU
	EndGlobalSection
	GlobalSection(ProjectConfigurationPlatforms) = postSolution
		{CCFD6426-73CE-44E5-B05D-457BB396F905}.Debug|Any CPU.ActiveCfg = Debug|Any CPU
		{CCFD6426-73CE-44E5-B05D-457BB396F905}.Debug|Any CPU.Build.0 = Debug|Any CPU
		{CCFD6426-73CE-44E5-B05D-457BB396F905}.Release|Any CPU.ActiveCfg = Release|Any CPU
		{CCFD6426-73CE-44E5-B05D-457BB396F905}.Release|Any CPU.Build.0 = Release|Any CPU
		{0ED31BAD-6F7B-4838-B37F-15D10242EE99}.Debug|Any CPU.ActiveCfg = Debug|Any CPU
		{0ED31BAD-6F7B-4838-B37F-15D10242EE99}.Debug|Any CPU.Build.0 = Debug|Any CPU
		{0ED31BAD-6F7B-4838-B37F-15D10242EE99}.Release|Any CPU.ActiveCfg = Release|Any CPU
		{0ED31BAD-6F7B-4838-B37F-15D10242EE99}.Release|Any CPU.Build.0 = Release|Any CPU
		{DD89CC1D-8C34-4C88-A7D6-7242EADBDFE7}.Debug|Any CPU.ActiveCfg = Debug|Any CPU
		{DD89CC1D-8C34-4C88-A7D6-7242EADBDFE7}.Debug|Any CPU.Build.0 = Debug|Any CPU
		{DD89CC1D-8C34-4C88-A7D6-7242EADBDFE7}.Release|Any CPU.ActiveCfg = Release|Any CPU
		{DD89CC1D-8C34-4C88-A7D6-7242EADBDFE7}.Release|Any CPU.Build.0 = Release|Any CPU
	EndGlobalSection
	GlobalSection(SolutionProperties) = preSolution
		HideSolutionNode = FALSE
	EndGlobalSection
	GlobalSection(ExtensibilityGlobals) = postSolution
		SolutionGuid = {E780AB2E-49C9-49AD-981C-1624AC7B6E5E}
	EndGlobalSection
EndGlobal
